# This file is automatically generated by Poetry and should not be edited manually.
# It contains the exact versions of all dependencies for reproducible builds.

[[package]]
name = "fastapi"
version = "0.104.1"
description = "FastAPI framework, high performance, easy to learn, fast to code, ready for production"
category = "main"
optional = false
python-versions = ">=3.8"

[[package]]
name = "uvicorn"
version = "0.24.0"
description = "The lightning-fast ASGI server."
category = "main"
optional = false
python-versions = ">=3.8"

[[package]]
name = "python-dotenv"
version = "1.0.0"
description = "Read key-value pairs from a .env file and set them as environment variables"
category = "main"
optional = false
python-versions = ">=3.8"

[[package]]
name = "httpx"
version = "0.24.1"
description = "A next generation HTTP client for Python."
category = "main"
optional = false
python-versions = ">=3.8"

[[package]]
name = "pydantic"
version = "2.5.0"
description = "Data validation using Python type hints"
category = "main"
optional = false
python-versions = ">=3.7"

[metadata]
lock-version = "2.0"
python-versions = "^3.10"
content-hash = "a1b2c3d4e5f6789012345678901234567890abcdef" 